// !$*UTF8*$!
{
	archiveVersion = 1;
	classes = {
	};
	objectVersion = 46;
	objects = {

/* Begin PBXBuildFile section */
		86BBFAE51C8053F2004441F9 /* TVChannelTableCell.swift in Sources */ = {isa = PBXBuildFile; fileRef = 86BBFAE11C8053F2004441F9 /* TVChannelTableCell.swift */; };
		86BBFAE61C8053F2004441F9 /* TVCollectionViewCell.swift in Sources */ = {isa = PBXBuildFile; fileRef = 86BBFAE21C8053F2004441F9 /* TVCollectionViewCell.swift */; };
		86BBFAED1C80543C004441F9 /* TVRootViewModel.swift in Sources */ = {isa = PBXBuildFile; fileRef = 86BBFAEC1C80543C004441F9 /* TVRootViewModel.swift */; };
		86BBFAF01C80B03A004441F9 /* TVPlayerController.swift in Sources */ = {isa = PBXBuildFile; fileRef = 86BBFAEE1C80B03A004441F9 /* TVPlayerController.swift */; };
		86BBFAF11C80B03A004441F9 /* TVRootController.swift in Sources */ = {isa = PBXBuildFile; fileRef = 86BBFAEF1C80B03A004441F9 /* TVRootController.swift */; };
		86FB8FC11C7ED7C700EB7039 /* TVAppDelegate.swift in Sources */ = {isa = PBXBuildFile; fileRef = 86FB8FC01C7ED7C700EB7039 /* TVAppDelegate.swift */; };
		86FB8FC81C7ED7C700EB7039 /* Assets.xcassets in Resources */ = {isa = PBXBuildFile; fileRef = 86FB8FC71C7ED7C700EB7039 /* Assets.xcassets */; };
		86FB8FD81C7ED82300EB7039 /* Main.storyboard in Resources */ = {isa = PBXBuildFile; fileRef = 86FB8FD71C7ED82300EB7039 /* Main.storyboard */; };
/* End PBXBuildFile section */

/* Begin PBXFileReference section */
		86BBFAE11C8053F2004441F9 /* TVChannelTableCell.swift */ = {isa = PBXFileReference; fileEncoding = 4; lastKnownFileType = sourcecode.swift; path = TVChannelTableCell.swift; sourceTree = "<group>"; };
		86BBFAE21C8053F2004441F9 /* TVCollectionViewCell.swift */ = {isa = PBXFileReference; fileEncoding = 4; lastKnownFileType = sourcecode.swift; path = TVCollectionViewCell.swift; sourceTree = "<group>"; };
		86BBFAEC1C80543C004441F9 /* TVRootViewModel.swift */ = {isa = PBXFileReference; fileEncoding = 4; lastKnownFileType = sourcecode.swift; path = TVRootViewModel.swift; sourceTree = "<group>"; };
		86BBFAEE1C80B03A004441F9 /* TVPlayerController.swift */ = {isa = PBXFileReference; fileEncoding = 4; lastKnownFileType = sourcecode.swift; path = TVPlayerController.swift; sourceTree = "<group>"; };
		86BBFAEF1C80B03A004441F9 /* TVRootController.swift */ = {isa = PBXFileReference; fileEncoding = 4; lastKnownFileType = sourcecode.swift; path = TVRootController.swift; sourceTree = "<group>"; };
		86FB8FBD1C7ED7C700EB7039 /* CNLive.app */ = {isa = PBXFileReference; explicitFileType = wrapper.application; includeInIndex = 0; path = CNLive.app; sourceTree = BUILT_PRODUCTS_DIR; };
		86FB8FC01C7ED7C700EB7039 /* TVAppDelegate.swift */ = {isa = PBXFileReference; lastKnownFileType = sourcecode.swift; path = TVAppDelegate.swift; sourceTree = "<group>"; };
		86FB8FC71C7ED7C700EB7039 /* Assets.xcassets */ = {isa = PBXFileReference; lastKnownFileType = folder.assetcatalog; path = Assets.xcassets; sourceTree = "<group>"; };
		86FB8FC91C7ED7C700EB7039 /* Info.plist */ = {isa = PBXFileReference; lastKnownFileType = text.plist.xml; path = Info.plist; sourceTree = "<group>"; };
		86FB8FCF1C7ED7FF00EB7039 /* LiveTV-Bridging-Header.h */ = {isa = PBXFileReference; lastKnownFileType = sourcecode.c.h; path = "LiveTV-Bridging-Header.h"; sourceTree = "<group>"; };
		86FB8FD71C7ED82300EB7039 /* Main.storyboard */ = {isa = PBXFileReference; fileEncoding = 4; lastKnownFileType = file.storyboard; path = Main.storyboard; sourceTree = "<group>"; };
/* End PBXFileReference section */

/* Begin PBXFrameworksBuildPhase section */
		86FB8FBA1C7ED7C700EB7039 /* Frameworks */ = {
			isa = PBXFrameworksBuildPhase;
			buildActionMask = 2147483647;
			files = (
			);
			runOnlyForDeploymentPostprocessing = 0;
		};
/* End PBXFrameworksBuildPhase section */

/* Begin PBXGroup section */
		86BBFADD1C8053F2004441F9 /* ViewModels */ = {
			isa = PBXGroup;
			children = (
				86BBFAEC1C80543C004441F9 /* TVRootViewModel.swift */,
			);
			path = ViewModels;
			sourceTree = "<group>";
		};
		86BBFAE01C8053F2004441F9 /* Views */ = {
			isa = PBXGroup;
			children = (
				86BBFAE11C8053F2004441F9 /* TVChannelTableCell.swift */,
				86BBFAE21C8053F2004441F9 /* TVCollectionViewCell.swift */,
			);
			path = Views;
			sourceTree = "<group>";
		};
		86BBFAE71C805403004441F9 /* Controllers */ = {
			isa = PBXGroup;
			children = (
				86BBFAEE1C80B03A004441F9 /* TVPlayerController.swift */,
				86BBFAEF1C80B03A004441F9 /* TVRootController.swift */,
			);
			path = Controllers;
			sourceTree = "<group>";
		};
		86FB8FB41C7ED7C700EB7039 = {
			isa = PBXGroup;
			children = (
				86FB8FBF1C7ED7C700EB7039 /* LiveTV */,
				86FB8FBE1C7ED7C700EB7039 /* Products */,
			);
			sourceTree = "<group>";
		};
		86FB8FBE1C7ED7C700EB7039 /* Products */ = {
			isa = PBXGroup;
			children = (
				86FB8FBD1C7ED7C700EB7039 /* CNLive.app */,
			);
			name = Products;
			sourceTree = "<group>";
		};
		86FB8FBF1C7ED7C700EB7039 /* LiveTV */ = {
			isa = PBXGroup;
			children = (
				86FB8FC01C7ED7C700EB7039 /* TVAppDelegate.swift */,
				86FB8FD71C7ED82300EB7039 /* Main.storyboard */,
				86BBFAE71C805403004441F9 /* Controllers */,
				86BBFADD1C8053F2004441F9 /* ViewModels */,
				86BBFAE01C8053F2004441F9 /* Views */,
				86FB8FC71C7ED7C700EB7039 /* Assets.xcassets */,
				86FB8FC91C7ED7C700EB7039 /* Info.plist */,
				86FB8FCF1C7ED7FF00EB7039 /* LiveTV-Bridging-Header.h */,
			);
			path = LiveTV;
			sourceTree = "<group>";
		};
/* End PBXGroup section */

/* Begin PBXNativeTarget section */
		86FB8FBC1C7ED7C700EB7039 /* LiveTV */ = {
			isa = PBXNativeTarget;
			buildConfigurationList = 86FB8FCC1C7ED7C700EB7039 /* Build configuration list for PBXNativeTarget "LiveTV" */;
			buildPhases = (
				86FB8FB91C7ED7C700EB7039 /* Sources */,
				86FB8FBA1C7ED7C700EB7039 /* Frameworks */,
				86FB8FBB1C7ED7C700EB7039 /* Resources */,
			);
			buildRules = (
			);
			dependencies = (
			);
			name = LiveTV;
			productName = LiveTV;
			productReference = 86FB8FBD1C7ED7C700EB7039 /* CNLive.app */;
			productType = "com.apple.product-type.application";
		};
/* End PBXNativeTarget section */

/* Begin PBXProject section */
		86FB8FB51C7ED7C700EB7039 /* Project object */ = {
			isa = PBXProject;
			attributes = {
				LastSwiftUpdateCheck = 0720;
				LastUpgradeCheck = 0720;
				ORGANIZATIONNAME = Gavin;
				TargetAttributes = {
					86FB8FBC1C7ED7C700EB7039 = {
						CreatedOnToolsVersion = 7.2.1;
						DevelopmentTeam = 3CG779D2W5;
					};
				};
			};
			buildConfigurationList = 86FB8FB81C7ED7C700EB7039 /* Build configuration list for PBXProject "LiveTV" */;
			compatibilityVersion = "Xcode 3.2";
			developmentRegion = English;
			hasScannedForEncodings = 0;
			knownRegions = (
				en,
				Base,
			);
			mainGroup = 86FB8FB41C7ED7C700EB7039;
			productRefGroup = 86FB8FBE1C7ED7C700EB7039 /* Products */;
			projectDirPath = "";
			projectRoot = "";
			targets = (
				86FB8FBC1C7ED7C700EB7039 /* LiveTV */,
			);
		};
/* End PBXProject section */

/* Begin PBXResourcesBuildPhase section */
		86FB8FBB1C7ED7C700EB7039 /* Resources */ = {
			isa = PBXResourcesBuildPhase;
			buildActionMask = 2147483647;
			files = (
				86FB8FC81C7ED7C700EB7039 /* Assets.xcassets in Resources */,
				86FB8FD81C7ED82300EB7039 /* Main.storyboard in Resources */,
			);
			runOnlyForDeploymentPostprocessing = 0;
		};
/* End PBXResourcesBuildPhase section */

/* Begin PBXSourcesBuildPhase section */
		86FB8FB91C7ED7C700EB7039 /* Sources */ = {
			isa = PBXSourcesBuildPhase;
			buildActionMask = 2147483647;
			files = (
				86BBFAE51C8053F2004441F9 /* TVChannelTableCell.swift in Sources */,
				86BBFAF11C80B03A004441F9 /* TVRootController.swift in Sources */,
				86FB8FC11C7ED7C700EB7039 /* TVAppDelegate.swift in Sources */,
				86BBFAED1C80543C004441F9 /* TVRootViewModel.swift in Sources */,
				86BBFAF01C80B03A004441F9 /* TVPlayerController.swift in Sources */,
				86BBFAE61C8053F2004441F9 /* TVCollectionViewCell.swift in Sources */,
			);
			runOnlyForDeploymentPostprocessing = 0;
		};
/* End PBXSourcesBuildPhase section */

/* Begin XCBuildConfiguration section */
		86FB8FCA1C7ED7C700EB7039 /* Debug */ = {
			isa = XCBuildConfiguration;
			buildSettings = {
				ALWAYS_SEARCH_USER_PATHS = NO;
				CLANG_CXX_LANGUAGE_STANDARD = "gnu++0x";
				CLANG_CXX_LIBRARY = "libc++";
				CLANG_ENABLE_MODULES = YES;
				CLANG_ENABLE_OBJC_ARC = YES;
				CLANG_WARN_BOOL_CONVERSION = YES;
				CLANG_WARN_CONSTANT_CONVERSION = YES;
				CLANG_WARN_DIRECT_OBJC_ISA_USAGE = YES_ERROR;
				CLANG_WARN_EMPTY_BODY = YES;
				CLANG_WARN_ENUM_CONVERSION = YES;
				CLANG_WARN_INT_CONVERSION = YES;
				CLANG_WARN_OBJC_ROOT_CLASS = YES_ERROR;
				CLANG_WARN_UNREACHABLE_CODE = YES;
				CLANG_WARN__DUPLICATE_METHOD_MATCH = YES;
				COPY_PHASE_STRIP = NO;
				DEBUG_INFORMATION_FORMAT = dwarf;
				ENABLE_STRICT_OBJC_MSGSEND = YES;
				ENABLE_TESTABILITY = YES;
				GCC_C_LANGUAGE_STANDARD = gnu99;
				GCC_DYNAMIC_NO_PIC = NO;
				GCC_NO_COMMON_BLOCKS = YES;
				GCC_OPTIMIZATION_LEVEL = 0;
				GCC_PREPROCESSOR_DEFINITIONS = (
					"DEBUG=1",
					"$(inherited)",
				);
				GCC_WARN_64_TO_32_BIT_CONVERSION = YES;
				GCC_WARN_ABOUT_RETURN_TYPE = YES_ERROR;
				GCC_WARN_UNDECLARED_SELECTOR = YES;
				GCC_WARN_UNINITIALIZED_AUTOS = YES_AGGRESSIVE;
				GCC_WARN_UNUSED_FUNCTION = YES;
				GCC_WARN_UNUSED_VARIABLE = YES;
				MTL_ENABLE_DEBUG_INFO = YES;
				ONLY_ACTIVE_ARCH = YES;
				SDKROOT = appletvos;
				SWIFT_OPTIMIZATION_LEVEL = "-Onone";
				TARGETED_DEVICE_FAMILY = 3;
				TVOS_DEPLOYMENT_TARGET = 9.1;
			};
			name = Debug;
		};
		86FB8FCB1C7ED7C700EB7039 /* Release */ = {
			isa = XCBuildConfiguration;
			buildSettings = {
				ALWAYS_SEARCH_USER_PATHS = NO;
				CLANG_CXX_LANGUAGE_STANDARD = "gnu++0x";
				CLANG_CXX_LIBRARY = "libc++";
				CLANG_ENABLE_MODULES = YES;
				CLANG_ENABLE_OBJC_ARC = YES;
				CLANG_WARN_BOOL_CONVERSION = YES;
				CLANG_WARN_CONSTANT_CONVERSION = YES;
				CLANG_WARN_DIRECT_OBJC_ISA_USAGE = YES_ERROR;
				CLANG_WARN_EMPTY_BODY = YES;
				CLANG_WARN_ENUM_CONVERSION = YES;
				CLANG_WARN_INT_CONVERSION = YES;
				CLANG_WARN_OBJC_ROOT_CLASS = YES_ERROR;
				CLANG_WARN_UNREACHABLE_CODE = YES;
				CLANG_WARN__DUPLICATE_METHOD_MATCH = YES;
				COPY_PHASE_STRIP = NO;
				DEBUG_INFORMATION_FORMAT = "dwarf-with-dsym";
				ENABLE_NS_ASSERTIONS = NO;
				ENABLE_STRICT_OBJC_MSGSEND = YES;
				GCC_C_LANGUAGE_STANDARD = gnu99;
				GCC_NO_COMMON_BLOCKS = YES;
				GCC_WARN_64_TO_32_BIT_CONVERSION = YES;
				GCC_WARN_ABOUT_RETURN_TYPE = YES_ERROR;
				GCC_WARN_UNDECLARED_SELECTOR = YES;
				GCC_WARN_UNINITIALIZED_AUTOS = YES_AGGRESSIVE;
				GCC_WARN_UNUSED_FUNCTION = YES;
				GCC_WARN_UNUSED_VARIABLE = YES;
				MTL_ENABLE_DEBUG_INFO = NO;
				SDKROOT = appletvos;
				TARGETED_DEVICE_FAMILY = 3;
				TVOS_DEPLOYMENT_TARGET = 9.1;
				VALIDATE_PRODUCT = YES;
			};
			name = Release;
		};
		86FB8FCD1C7ED7C700EB7039 /* Debug */ = {
			isa = XCBuildConfiguration;
			buildSettings = {
				ASSETCATALOG_COMPILER_APPICON_NAME = "App Icon & Top Shelf Image";
				ASSETCATALOG_COMPILER_LAUNCHIMAGE_NAME = LaunchImage;
				CLANG_ENABLE_MODULES = YES;
				CODE_SIGN_IDENTITY = "iPhone Developer";
				INFOPLIST_FILE = LiveTV/Info.plist;
				LD_RUNPATH_SEARCH_PATHS = "$(inherited) @executable_path/Frameworks";
				PRODUCT_BUNDLE_IDENTIFIER = com.tv.cnlive;
				PRODUCT_NAME = CNLive;
				PROVISIONING_PROFILE = "dd0684c6-9218-46b9-992d-3c74796c3903";
				SWIFT_OBJC_BRIDGING_HEADER = "LiveTV/LiveTV-Bridging-Header.h";
				SWIFT_OPTIMIZATION_LEVEL = "-Onone";
				TVOS_DEPLOYMENT_TARGET = 9.0;
			};
			name = Debug;
		};
		86FB8FCE1C7ED7C700EB7039 /* Release */ = {
			isa = XCBuildConfiguration;
			buildSettings = {
				ASSETCATALOG_COMPILER_APPICON_NAME = "App Icon & Top Shelf Image";
				ASSETCATALOG_COMPILER_LAUNCHIMAGE_NAME = LaunchImage;
				CLANG_ENABLE_MODULES = YES;
				CODE_SIGN_IDENTITY = "iPhone Developer";
				INFOPLIST_FILE = LiveTV/Info.plist;
				LD_RUNPATH_SEARCH_PATHS = "$(inherited) @executable_path/Frameworks";
				PRODUCT_BUNDLE_IDENTIFIER = com.tv.cnlive;
				PRODUCT_NAME = CNLive;
				PROVISIONING_PROFILE = "dd0684c6-9218-46b9-992d-3c74796c3903";
				SWIFT_OBJC_BRIDGING_HEADER = "LiveTV/LiveTV-Bridging-Header.h";
				TVOS_DEPLOYMENT_TARGET = 9.0;
			};
			name = Release;
		};
/* End XCBuildConfiguration section */

/* Begin XCConfigurationList section */
		86FB8FB81C7ED7C700EB7039 /* Build configuration list for PBXProject "LiveTV" */ = {
			isa = XCConfigurationList;
			buildConfigurations = (
				86FB8FCA1C7ED7C700EB7039 /* Debug */,
				86FB8FCB1C7ED7C700EB7039 /* Release */,
			);
			defaultConfigurationIsVisible = 0;
			defaultConfigurationName = Release;
		};
		86FB8FCC1C7ED7C700EB7039 /* Build configuration list for PBXNativeTarget "LiveTV" */ = {
			isa = XCConfigurationList;
			buildConfigurations = (
				86FB8FCD1C7ED7C700EB7039 /* Debug */,
				86FB8FCE1C7ED7C700EB7039 /* Release */,
			);
			defaultConfigurationIsVisible = 0;
			defaultConfigurationName = Release;
		};
/* End XCConfigurationList section */
	};
	rootObject = 86FB8FB51C7ED7C700EB7039 /* Project object */;
}
